
Microsoft Visual Studio Solution File, Format Version 12.00
# Visual Studio Version 16
VisualStudioVersion = 16.0.30114.105
MinimumVisualStudioVersion = 10.0.40219.1
Project("{8BC9CEB8-8B4A-11D0-8D11-00A0C91BC942}") = "Project4", "Project4\Project4.vcxproj", "{860614AC-06B0-4A7C-8657-15881CB686AD}"
EndProject
Global
	GlobalSection(SolutionConfigurationPlatforms) = preSolution
		Debug|x64 = Debug|x64
		Debug|x86 = Debug|x86
		Release|x64 = Release|x64
		Release|x86 = Release|x86
	EndGlobalSection
	GlobalSection(ProjectConfigurationPlatforms) = postSolution
		{860614AC-06B0-4A7C-8657-15881CB686AD}.Debug|x64.ActiveCfg = Debug|x64
		{860614AC-06B0-4A7C-8657-15881CB686AD}.Debug|x64.Build.0 = Debug|x64
		{860614AC-06B0-4A7C-8657-15881CB686AD}.Debug|x86.ActiveCfg = Debug|Win32
		{860614AC-06B0-4A7C-8657-15881CB686AD}.Debug|x86.Build.0 = Debug|Win32
		{860614AC-06B0-4A7C-8657-15881CB686AD}.Release|x64.ActiveCfg = Release|x64
		{860614AC-06B0-4A7C-8657-15881CB686AD}.Release|x64.Build.0 = Release|x64
		{860614AC-06B0-4A7C-8657-15881CB686AD}.Release|x86.ActiveCfg = Release|Win32
		{860614AC-06B0-4A7C-8657-15881CB686AD}.Release|x86.Build.0 = Release|Win32
	EndGlobalSection
	GlobalSection(SolutionProperties) = preSolution
		HideSolutionNode = FALSE
	EndGlobalSection
	GlobalSection(ExtensibilityGlobals) = postSolution
		SolutionGuid = {31DC99CC-C4E1-44E2-9D73-C3A9E7E1A79C}
	EndGlobalSection
EndGlobal
